Microsoft Visual Studio Solution File, Format Version 12.00
# Visual Studio Version 17
VisualStudioVersion = 17.0.31611.283
MinimumVisualStudioVersion = 10.0.40219.1
Project("{9A19103F-16F7-4668-BE54-9A1E7A4F7556}") = "TabNewsApp", "TabNewsApp\TabNewsApp.csproj", "{ACAD5B86-99E5-4204-81FC-3C9A342339A4}"
EndProject
Global
	GlobalSection(SolutionConfigurationPlatforms) = preSolution
		Debug|Any CPU = Debug|Any CPU
		Release|Any CPU = Release|Any CPU
	EndGlobalSection
	GlobalSection(ProjectConfigurationPlatforms) = postSolution
		{ACAD5B86-99E5-4204-81FC-3C9A342339A4}.Debug|Any CPU.ActiveCfg = Debug|Any CPU
		{ACAD5B86-99E5-4204-81FC-3C9A342339A4}.Debug|Any CPU.Build.0 = Debug|Any CPU
		{ACAD5B86-99E5-4204-81FC-3C9A342339A4}.Debug|Any CPU.Deploy.0 = Debug|Any CPU
		{ACAD5B86-99E5-4204-81FC-3C9A342339A4}.Release|Any CPU.ActiveCfg = Release|Any CPU
		{ACAD5B86-99E5-4204-81FC-3C9A342339A4}.Release|Any CPU.Build.0 = Release|Any CPU
		{ACAD5B86-99E5-4204-81FC-3C9A342339A4}.Release|Any CPU.Deploy.0 = Release|Any CPU
	EndGlobalSection
	GlobalSection(SolutionProperties) = preSolution
		HideSolutionNode = FALSE
	EndGlobalSection
	GlobalSection(ExtensibilityGlobals) = postSolution
		SolutionGuid = {0C888E83-C5BC-429A-B12F-56BD817F3D19}
		        SolutionGuid = {61F7FB11-1E47-470C-91E2-47F8143E1572}
	EndGlobalSection
EndGlobal
